
Microsoft Visual Studio Solution File, Format Version 12.00
# Visual Studio Version 17
VisualStudioVersion = 17.6.33815.320
MinimumVisualStudioVersion = 10.0.40219.1
Project("{FAE04EC0-301F-11D3-BF4B-00C04F79EFBC}") = "KaraagacSporWebb", "KaraagacSporWebb\KaraagacSporWebb.csproj", "{3EF7BF10-D8DE-481D-89DF-C5023447E60B}"
EndProject
Project("{FAE04EC0-301F-11D3-BF4B-00C04F79EFBC}") = "DataAccesLayer", "DataAccesLayer\DataAccesLayer.csproj", "{906D571F-E28D-44E2-ADBC-420C21F96E53}"
EndProject
Global
	GlobalSection(SolutionConfigurationPlatforms) = preSolution
		Debug|Any CPU = Debug|Any CPU
		Release|Any CPU = Release|Any CPU
	EndGlobalSection
	GlobalSection(ProjectConfigurationPlatforms) = postSolution
		{3EF7BF10-D8DE-481D-89DF-C5023447E60B}.Debug|Any CPU.ActiveCfg = Debug|Any CPU
		{3EF7BF10-D8DE-481D-89DF-C5023447E60B}.Debug|Any CPU.Build.0 = Debug|Any CPU
		{3EF7BF10-D8DE-481D-89DF-C5023447E60B}.Release|Any CPU.ActiveCfg = Release|Any CPU
		{3EF7BF10-D8DE-481D-89DF-C5023447E60B}.Release|Any CPU.Build.0 = Release|Any CPU
		{906D571F-E28D-44E2-ADBC-420C21F96E53}.Debug|Any CPU.ActiveCfg = Debug|Any CPU
		{906D571F-E28D-44E2-ADBC-420C21F96E53}.Debug|Any CPU.Build.0 = Debug|Any CPU
		{906D571F-E28D-44E2-ADBC-420C21F96E53}.Release|Any CPU.ActiveCfg = Release|Any CPU
		{906D571F-E28D-44E2-ADBC-420C21F96E53}.Release|Any CPU.Build.0 = Release|Any CPU
	EndGlobalSection
	GlobalSection(SolutionProperties) = preSolution
		HideSolutionNode = FALSE
	EndGlobalSection
	GlobalSection(ExtensibilityGlobals) = postSolution
		SolutionGuid = {BCAD44A4-FF78-4145-9587-E001473B5B27}
	EndGlobalSection
EndGlobal
